
Microsoft Visual Studio Solution File, Format Version 12.00
# Visual Studio 15
VisualStudioVersion = 15.0.28010.2046
MinimumVisualStudioVersion = 10.0.40219.1
Project("{FAE04EC0-301F-11D3-BF4B-00C04F79EFBC}") = "incdec", "incdec\incdec.csproj", "{4E2B9A4B-4936-47F4-84ED-B51DC08B7BDD}"
EndProject
Global
	GlobalSection(SolutionConfigurationPlatforms) = preSolution
		Debug|Any CPU = Debug|Any CPU
		Release|Any CPU = Release|Any CPU
	EndGlobalSection
	GlobalSection(ProjectConfigurationPlatforms) = postSolution
		{4E2B9A4B-4936-47F4-84ED-B51DC08B7BDD}.Debug|Any CPU.ActiveCfg = Debug|Any CPU
		{4E2B9A4B-4936-47F4-84ED-B51DC08B7BDD}.Debug|Any CPU.Build.0 = Debug|Any CPU
		{4E2B9A4B-4936-47F4-84ED-B51DC08B7BDD}.Release|Any CPU.ActiveCfg = Release|Any CPU
		{4E2B9A4B-4936-47F4-84ED-B51DC08B7BDD}.Release|Any CPU.Build.0 = Release|Any CPU
	EndGlobalSection
	GlobalSection(SolutionProperties) = preSolution
		HideSolutionNode = FALSE
	EndGlobalSection
	GlobalSection(ExtensibilityGlobals) = postSolution
		SolutionGuid = {BFD0FC85-D3E3-40D5-888C-1743DAD3470D}
	EndGlobalSection
EndGlobal
